
Microsoft Visual Studio Solution File, Format Version 12.00
# Visual Studio 15
VisualStudioVersion = 15.0.28307.329
MinimumVisualStudioVersion = 10.0.40219.1
Project("{FAE04EC0-301F-11D3-BF4B-00C04F79EFBC}") = "CodeCounter", "CodeCounter\CodeCounter.csproj", "{D4709AC9-673E-4B3A-876E-43A91C0203AB}"
EndProject
Global
	GlobalSection(SolutionConfigurationPlatforms) = preSolution
		Debug|Any CPU = Debug|Any CPU
		Release|Any CPU = Release|Any CPU
	EndGlobalSection
	GlobalSection(ProjectConfigurationPlatforms) = postSolution
		{D4709AC9-673E-4B3A-876E-43A91C0203AB}.Debug|Any CPU.ActiveCfg = Debug|Any CPU
		{D4709AC9-673E-4B3A-876E-43A91C0203AB}.Debug|Any CPU.Build.0 = Debug|Any CPU
		{D4709AC9-673E-4B3A-876E-43A91C0203AB}.Release|Any CPU.ActiveCfg = Release|Any CPU
		{D4709AC9-673E-4B3A-876E-43A91C0203AB}.Release|Any CPU.Build.0 = Release|Any CPU
	EndGlobalSection
	GlobalSection(SolutionProperties) = preSolution
		HideSolutionNode = FALSE
	EndGlobalSection
	GlobalSection(ExtensibilityGlobals) = postSolution
		SolutionGuid = {41887045-37B1-4839-BD45-3C6E0C884021}
	EndGlobalSection
EndGlobal
